
Microsoft Visual Studio Solution File, Format Version 12.00
# Visual Studio Version 16
VisualStudioVersion = 16.0.29123.88
MinimumVisualStudioVersion = 10.0.40219.1
Project("{FAE04EC0-301F-11D3-BF4B-00C04F79EFBC}") = "BethanysPieShop2.UWP", "BethanysPieShop2\BethanysPieShop2.UWP\BethanysPieShop2.UWP.csproj", "{E770D5CA-FB3C-4F1A-9AB0-ADF00EBEB116}"
EndProject
Project("{FAE04EC0-301F-11D3-BF4B-00C04F79EFBC}") = "BethanysPieShop2.Android", "BethanysPieShop2\BethanysPieShop2.Android\BethanysPieShop2.Android.csproj", "{1B389167-A87A-42CD-8E6D-E6FAFFDD6E1A}"
EndProject
Project("{FAE04EC0-301F-11D3-BF4B-00C04F79EFBC}") = "BethanysPieShop2.iOS", "BethanysPieShop2\BethanysPieShop2.iOS\BethanysPieShop2.iOS.csproj", "{542D0E2D-B743-49DA-8A99-EF5B218E5170}"
EndProject
Project("{9A19103F-16F7-4668-BE54-9A1E7A4F7556}") = "BethanysPieShop2", "BethanysPieShop2\BethanysPieShop2\BethanysPieShop2.csproj", "{BD66ABEC-52AA-423A-95CF-5709B4C64B28}"
EndProject
Project("{FAE04EC0-301F-11D3-BF4B-00C04F79EFBC}") = "BethanysPieShop3.UWP", "BethanysPieShop3\BethanysPieShop3.UWP\BethanysPieShop3.UWP.csproj", "{FD427C45-7EA0-4BCB-9B71-EF7152B577A9}"
EndProject
Project("{FAE04EC0-301F-11D3-BF4B-00C04F79EFBC}") = "BethanysPieShop3.Android", "BethanysPieShop3\BethanysPieShop3.Android\BethanysPieShop3.Android.csproj", "{426457AA-81AE-4E32-8FA2-183FC7C4A8BD}"
EndProject
Project("{FAE04EC0-301F-11D3-BF4B-00C04F79EFBC}") = "BethanysPieShop3", "BethanysPieShop3\BethanysPieShop3\BethanysPieShop3.csproj", "{27CF0B2A-44D8-42B6-9888-80F86395D0DC}"
EndProject
Global
	GlobalSection(SolutionConfigurationPlatforms) = preSolution
		Debug|Any CPU = Debug|Any CPU
		Debug|ARM = Debug|ARM
		Debug|iPhone = Debug|iPhone
		Debug|iPhoneSimulator = Debug|iPhoneSimulator
		Debug|x64 = Debug|x64
		Debug|x86 = Debug|x86
		Release|Any CPU = Release|Any CPU
		Release|ARM = Release|ARM
		Release|iPhone = Release|iPhone
		Release|iPhoneSimulator = Release|iPhoneSimulator
		Release|x64 = Release|x64
		Release|x86 = Release|x86
	EndGlobalSection
	GlobalSection(ProjectConfigurationPlatforms) = postSolution
		{E770D5CA-FB3C-4F1A-9AB0-ADF00EBEB116}.Debug|Any CPU.ActiveCfg = Debug|x86
		{E770D5CA-FB3C-4F1A-9AB0-ADF00EBEB116}.Debug|Any CPU.Build.0 = Debug|x86
		{E770D5CA-FB3C-4F1A-9AB0-ADF00EBEB116}.Debug|Any CPU.Deploy.0 = Debug|x86
		{E770D5CA-FB3C-4F1A-9AB0-ADF00EBEB116}.Debug|ARM.ActiveCfg = Debug|ARM
		{E770D5CA-FB3C-4F1A-9AB0-ADF00EBEB116}.Debug|ARM.Build.0 = Debug|ARM
		{E770D5CA-FB3C-4F1A-9AB0-ADF00EBEB116}.Debug|ARM.Deploy.0 = Debug|ARM
		{E770D5CA-FB3C-4F1A-9AB0-ADF00EBEB116}.Debug|iPhone.ActiveCfg = Debug|x86
		{E770D5CA-FB3C-4F1A-9AB0-ADF00EBEB116}.Debug|iPhone.Build.0 = Debug|x86
		{E770D5CA-FB3C-4F1A-9AB0-ADF00EBEB116}.Debug|iPhone.Deploy.0 = Debug|x86
		{E770D5CA-FB3C-4F1A-9AB0-ADF00EBEB116}.Debug|iPhoneSimulator.ActiveCfg = Debug|x86
		{E770D5CA-FB3C-4F1A-9AB0-ADF00EBEB116}.Debug|iPhoneSimulator.Build.0 = Debug|x86
		{E770D5CA-FB3C-4F1A-9AB0-ADF00EBEB116}.Debug|iPhoneSimulator.Deploy.0 = Debug|x86
		{E770D5CA-FB3C-4F1A-9AB0-ADF00EBEB116}.Debug|x64.ActiveCfg = Debug|x64
		{E770D5CA-FB3C-4F1A-9AB0-ADF00EBEB116}.Debug|x64.Build.0 = Debug|x64
		{E770D5CA-FB3C-4F1A-9AB0-ADF00EBEB116}.Debug|x64.Deploy.0 = Debug|x64
		{E770D5CA-FB3C-4F1A-9AB0-ADF00EBEB116}.Debug|x86.ActiveCfg = Debug|x86
		{E770D5CA-FB3C-4F1A-9AB0-ADF00EBEB116}.Debug|x86.Build.0 = Debug|x86
		{E770D5CA-FB3C-4F1A-9AB0-ADF00EBEB116}.Debug|x86.Deploy.0 = Debug|x86
		{E770D5CA-FB3C-4F1A-9AB0-ADF00EBEB116}.Release|Any CPU.ActiveCfg = Release|x86
		{E770D5CA-FB3C-4F1A-9AB0-ADF00EBEB116}.Release|Any CPU.Build.0 = Release|x86
		{E770D5CA-FB3C-4F1A-9AB0-ADF00EBEB116}.Release|Any CPU.Deploy.0 = Release|x86
		{E770D5CA-FB3C-4F1A-9AB0-ADF00EBEB116}.Release|ARM.ActiveCfg = Release|ARM
		{E770D5CA-FB3C-4F1A-9AB0-ADF00EBEB116}.Release|ARM.Build.0 = Release|ARM
		{E770D5CA-FB3C-4F1A-9AB0-ADF00EBEB116}.Release|ARM.Deploy.0 = Release|ARM
		{E770D5CA-FB3C-4F1A-9AB0-ADF00EBEB116}.Release|iPhone.ActiveCfg = Release|x86
		{E770D5CA-FB3C-4F1A-9AB0-ADF00EBEB116}.Release|iPhone.Build.0 = Release|x86
		{E770D5CA-FB3C-4F1A-9AB0-ADF00EBEB116}.Release|iPhone.Deploy.0 = Release|x86
		{E770D5CA-FB3C-4F1A-9AB0-ADF00EBEB116}.Release|iPhoneSimulator.ActiveCfg = Release|x86
		{E770D5CA-FB3C-4F1A-9AB0-ADF00EBEB116}.Release|iPhoneSimulator.Build.0 = Release|x86
		{E770D5CA-FB3C-4F1A-9AB0-ADF00EBEB116}.Release|iPhoneSimulator.Deploy.0 = Release|x86
		{E770D5CA-FB3C-4F1A-9AB0-ADF00EBEB116}.Release|x64.ActiveCfg = Release|x64
		{E770D5CA-FB3C-4F1A-9AB0-ADF00EBEB116}.Release|x64.Build.0 = Release|x64
		{E770D5CA-FB3C-4F1A-9AB0-ADF00EBEB116}.Release|x64.Deploy.0 = Release|x64
		{E770D5CA-FB3C-4F1A-9AB0-ADF00EBEB116}.Release|x86.ActiveCfg = Release|x86
		{E770D5CA-FB3C-4F1A-9AB0-ADF00EBEB116}.Release|x86.Build.0 = Release|x86
		{E770D5CA-FB3C-4F1A-9AB0-ADF00EBEB116}.Release|x86.Deploy.0 = Release|x86
		{1B389167-A87A-42CD-8E6D-E6FAFFDD6E1A}.Debug|Any CPU.ActiveCfg = Debug|Any CPU
		{1B389167-A87A-42CD-8E6D-E6FAFFDD6E1A}.Debug|Any CPU.Build.0 = Debug|Any CPU
		{1B389167-A87A-42CD-8E6D-E6FAFFDD6E1A}.Debug|Any CPU.Deploy.0 = Debug|Any CPU
		{1B389167-A87A-42CD-8E6D-E6FAFFDD6E1A}.Debug|ARM.ActiveCfg = Debug|Any CPU
		{1B389167-A87A-42CD-8E6D-E6FAFFDD6E1A}.Debug|ARM.Build.0 = Debug|Any CPU
		{1B389167-A87A-42CD-8E6D-E6FAFFDD6E1A}.Debug|ARM.Deploy.0 = Debug|Any CPU
		{1B389167-A87A-42CD-8E6D-E6FAFFDD6E1A}.Debug|iPhone.ActiveCfg = Debug|Any CPU
		{1B389167-A87A-42CD-8E6D-E6FAFFDD6E1A}.Debug|iPhone.Build.0 = Debug|Any CPU
		{1B389167-A87A-42CD-8E6D-E6FAFFDD6E1A}.Debug|iPhone.Deploy.0 = Debug|Any CPU
		{1B389167-A87A-42CD-8E6D-E6FAFFDD6E1A}.Debug|iPhoneSimulator.ActiveCfg = Debug|Any CPU
		{1B389167-A87A-42CD-8E6D-E6FAFFDD6E1A}.Debug|iPhoneSimulator.Build.0 = Debug|Any CPU
		{1B389167-A87A-42CD-8E6D-E6FAFFDD6E1A}.Debug|iPhoneSimulator.Deploy.0 = Debug|Any CPU
		{1B389167-A87A-42CD-8E6D-E6FAFFDD6E1A}.Debug|x64.ActiveCfg = Debug|Any CPU
		{1B389167-A87A-42CD-8E6D-E6FAFFDD6E1A}.Debug|x64.Build.0 = Debug|Any CPU
		{1B389167-A87A-42CD-8E6D-E6FAFFDD6E1A}.Debug|x64.Deploy.0 = Debug|Any CPU
		{1B389167-A87A-42CD-8E6D-E6FAFFDD6E1A}.Debug|x86.ActiveCfg = Debug|Any CPU
		{1B389167-A87A-42CD-8E6D-E6FAFFDD6E1A}.Debug|x86.Build.0 = Debug|Any CPU
		{1B389167-A87A-42CD-8E6D-E6FAFFDD6E1A}.Debug|x86.Deploy.0 = Debug|Any CPU
		{1B389167-A87A-42CD-8E6D-E6FAFFDD6E1A}.Release|Any CPU.ActiveCfg = Release|Any CPU
		{1B389167-A87A-42CD-8E6D-E6FAFFDD6E1A}.Release|Any CPU.Build.0 = Release|Any CPU
		{1B389167-A87A-42CD-8E6D-E6FAFFDD6E1A}.Release|Any CPU.Deploy.0 = Release|Any CPU
		{1B389167-A87A-42CD-8E6D-E6FAFFDD6E1A}.Release|ARM.ActiveCfg = Release|Any CPU
		{1B389167-A87A-42CD-8E6D-E6FAFFDD6E1A}.Release|ARM.Build.0 = Release|Any CPU
		{1B389167-A87A-42CD-8E6D-E6FAFFDD6E1A}.Release|ARM.Deploy.0 = Release|Any CPU
		{1B389167-A87A-42CD-8E6D-E6FAFFDD6E1A}.Release|iPhone.ActiveCfg = Release|Any CPU
		{1B389167-A87A-42CD-8E6D-E6FAFFDD6E1A}.Release|iPhone.Build.0 = Release|Any CPU
		{1B389167-A87A-42CD-8E6D-E6FAFFDD6E1A}.Release|iPhone.Deploy.0 = Release|Any CPU
		{1B389167-A87A-42CD-8E6D-E6FAFFDD6E1A}.Release|iPhoneSimulator.ActiveCfg = Release|Any CPU
		{1B389167-A87A-42CD-8E6D-E6FAFFDD6E1A}.Release|iPhoneSimulator.Build.0 = Release|Any CPU
		{1B389167-A87A-42CD-8E6D-E6FAFFDD6E1A}.Release|iPhoneSimulator.Deploy.0 = Release|Any CPU
		{1B389167-A87A-42CD-8E6D-E6FAFFDD6E1A}.Release|x64.ActiveCfg = Release|Any CPU
		{1B389167-A87A-42CD-8E6D-E6FAFFDD6E1A}.Release|x64.Build.0 = Release|Any CPU
		{1B389167-A87A-42CD-8E6D-E6FAFFDD6E1A}.Release|x64.Deploy.0 = Release|Any CPU
		{1B389167-A87A-42CD-8E6D-E6FAFFDD6E1A}.Release|x86.ActiveCfg = Release|Any CPU
		{1B389167-A87A-42CD-8E6D-E6FAFFDD6E1A}.Release|x86.Build.0 = Release|Any CPU
		{1B389167-A87A-42CD-8E6D-E6FAFFDD6E1A}.Release|x86.Deploy.0 = Release|Any CPU
		{542D0E2D-B743-49DA-8A99-EF5B218E5170}.Debug|Any CPU.ActiveCfg = Debug|iPhone
		{542D0E2D-B743-49DA-8A99-EF5B218E5170}.Debug|Any CPU.Build.0 = Debug|iPhone
		{542D0E2D-B743-49DA-8A99-EF5B218E5170}.Debug|Any CPU.Deploy.0 = Debug|iPhone
		{542D0E2D-B743-49DA-8A99-EF5B218E5170}.Debug|ARM.ActiveCfg = Debug|iPhoneSimulator
		{542D0E2D-B743-49DA-8A99-EF5B218E5170}.Debug|ARM.Build.0 = Debug|iPhoneSimulator
		{542D0E2D-B743-49DA-8A99-EF5B218E5170}.Debug|ARM.Deploy.0 = Debug|iPhoneSimulator
		{542D0E2D-B743-49DA-8A99-EF5B218E5170}.Debug|iPhone.ActiveCfg = Debug|iPhone
		{542D0E2D-B743-49DA-8A99-EF5B218E5170}.Debug|iPhone.Build.0 = Debug|iPhone
		{542D0E2D-B743-49DA-8A99-EF5B218E5170}.Debug|iPhone.Deploy.0 = Debug|iPhone
		{542D0E2D-B743-49DA-8A99-EF5B218E5170}.Debug|iPhoneSimulator.ActiveCfg = Debug|iPhoneSimulator
		{542D0E2D-B743-49DA-8A99-EF5B218E5170}.Debug|iPhoneSimulator.Build.0 = Debug|iPhoneSimulator
		{542D0E2D-B743-49DA-8A99-EF5B218E5170}.Debug|iPhoneSimulator.Deploy.0 = Debug|iPhoneSimulator
		{542D0E2D-B743-49DA-8A99-EF5B218E5170}.Debug|x64.ActiveCfg = Debug|iPhone
		{542D0E2D-B743-49DA-8A99-EF5B218E5170}.Debug|x64.Build.0 = Debug|iPhone
		{542D0E2D-B743-49DA-8A99-EF5B218E5170}.Debug|x64.Deploy.0 = Debug|iPhone
		{542D0E2D-B743-49DA-8A99-EF5B218E5170}.Debug|x86.ActiveCfg = Debug|iPhone
		{542D0E2D-B743-49DA-8A99-EF5B218E5170}.Debug|x86.Build.0 = Debug|iPhone
		{542D0E2D-B743-49DA-8A99-EF5B218E5170}.Debug|x86.Deploy.0 = Debug|iPhone
		{542D0E2D-B743-49DA-8A99-EF5B218E5170}.Release|Any CPU.ActiveCfg = Release|iPhone
		{542D0E2D-B743-49DA-8A99-EF5B218E5170}.Release|Any CPU.Build.0 = Release|iPhone
		{542D0E2D-B743-49DA-8A99-EF5B218E5170}.Release|Any CPU.Deploy.0 = Release|iPhone
		{542D0E2D-B743-49DA-8A99-EF5B218E5170}.Release|ARM.ActiveCfg = Release|iPhone
		{542D0E2D-B743-49DA-8A99-EF5B218E5170}.Release|ARM.Build.0 = Release|iPhone
		{542D0E2D-B743-49DA-8A99-EF5B218E5170}.Release|ARM.Deploy.0 = Release|iPhone
		{542D0E2D-B743-49DA-8A99-EF5B218E5170}.Release|iPhone.ActiveCfg = Release|iPhone
		{542D0E2D-B743-49DA-8A99-EF5B218E5170}.Release|iPhone.Build.0 = Release|iPhone
		{542D0E2D-B743-49DA-8A99-EF5B218E5170}.Release|iPhone.Deploy.0 = Release|iPhone
		{542D0E2D-B743-49DA-8A99-EF5B218E5170}.Release|iPhoneSimulator.ActiveCfg = Release|iPhoneSimulator
		{542D0E2D-B743-49DA-8A99-EF5B218E5170}.Release|iPhoneSimulator.Build.0 = Release|iPhoneSimulator
		{542D0E2D-B743-49DA-8A99-EF5B218E5170}.Release|iPhoneSimulator.Deploy.0 = Release|iPhoneSimulator
		{542D0E2D-B743-49DA-8A99-EF5B218E5170}.Release|x64.ActiveCfg = Release|iPhone
		{542D0E2D-B743-49DA-8A99-EF5B218E5170}.Release|x64.Build.0 = Release|iPhone
		{542D0E2D-B743-49DA-8A99-EF5B218E5170}.Release|x64.Deploy.0 = Release|iPhone
		{542D0E2D-B743-49DA-8A99-EF5B218E5170}.Release|x86.ActiveCfg = Release|iPhone
		{542D0E2D-B743-49DA-8A99-EF5B218E5170}.Release|x86.Build.0 = Release|iPhone
		{542D0E2D-B743-49DA-8A99-EF5B218E5170}.Release|x86.Deploy.0 = Release|iPhone
		{BD66ABEC-52AA-423A-95CF-5709B4C64B28}.Debug|Any CPU.ActiveCfg = Debug|Any CPU
		{BD66ABEC-52AA-423A-95CF-5709B4C64B28}.Debug|Any CPU.Build.0 = Debug|Any CPU
		{BD66ABEC-52AA-423A-95CF-5709B4C64B28}.Debug|Any CPU.Deploy.0 = Debug|Any CPU
		{BD66ABEC-52AA-423A-95CF-5709B4C64B28}.Debug|ARM.ActiveCfg = Debug|Any CPU
		{BD66ABEC-52AA-423A-95CF-5709B4C64B28}.Debug|ARM.Build.0 = Debug|Any CPU
		{BD66ABEC-52AA-423A-95CF-5709B4C64B28}.Debug|ARM.Deploy.0 = Debug|Any CPU
		{BD66ABEC-52AA-423A-95CF-5709B4C64B28}.Debug|iPhone.ActiveCfg = Debug|Any CPU
		{BD66ABEC-52AA-423A-95CF-5709B4C64B28}.Debug|iPhone.Build.0 = Debug|Any CPU
		{BD66ABEC-52AA-423A-95CF-5709B4C64B28}.Debug|iPhone.Deploy.0 = Debug|Any CPU
		{BD66ABEC-52AA-423A-95CF-5709B4C64B28}.Debug|iPhoneSimulator.ActiveCfg = Debug|Any CPU
		{BD66ABEC-52AA-423A-95CF-5709B4C64B28}.Debug|iPhoneSimulator.Build.0 = Debug|Any CPU
		{BD66ABEC-52AA-423A-95CF-5709B4C64B28}.Debug|iPhoneSimulator.Deploy.0 = Debug|Any CPU
		{BD66ABEC-52AA-423A-95CF-5709B4C64B28}.Debug|x64.ActiveCfg = Debug|Any CPU
		{BD66ABEC-52AA-423A-95CF-5709B4C64B28}.Debug|x64.Build.0 = Debug|Any CPU
		{BD66ABEC-52AA-423A-95CF-5709B4C64B28}.Debug|x64.Deploy.0 = Debug|Any CPU
		{BD66ABEC-52AA-423A-95CF-5709B4C64B28}.Debug|x86.ActiveCfg = Debug|Any CPU
		{BD66ABEC-52AA-423A-95CF-5709B4C64B28}.Debug|x86.Build.0 = Debug|Any CPU
		{BD66ABEC-52AA-423A-95CF-5709B4C64B28}.Debug|x86.Deploy.0 = Debug|Any CPU
		{BD66ABEC-52AA-423A-95CF-5709B4C64B28}.Release|Any CPU.ActiveCfg = Release|Any CPU
		{BD66ABEC-52AA-423A-95CF-5709B4C64B28}.Release|Any CPU.Build.0 = Release|Any CPU
		{BD66ABEC-52AA-423A-95CF-5709B4C64B28}.Release|Any CPU.Deploy.0 = Release|Any CPU
		{BD66ABEC-52AA-423A-95CF-5709B4C64B28}.Release|ARM.ActiveCfg = Release|Any CPU
		{BD66ABEC-52AA-423A-95CF-5709B4C64B28}.Release|ARM.Build.0 = Release|Any CPU
		{BD66ABEC-52AA-423A-95CF-5709B4C64B28}.Release|ARM.Deploy.0 = Release|Any CPU
		{BD66ABEC-52AA-423A-95CF-5709B4C64B28}.Release|iPhone.ActiveCfg = Release|Any CPU
		{BD66ABEC-52AA-423A-95CF-5709B4C64B28}.Release|iPhone.Build.0 = Release|Any CPU
		{BD66ABEC-52AA-423A-95CF-5709B4C64B28}.Release|iPhone.Deploy.0 = Release|Any CPU
		{BD66ABEC-52AA-423A-95CF-5709B4C64B28}.Release|iPhoneSimulator.ActiveCfg = Release|Any CPU
		{BD66ABEC-52AA-423A-95CF-5709B4C64B28}.Release|iPhoneSimulator.Build.0 = Release|Any CPU
		{BD66ABEC-52AA-423A-95CF-5709B4C64B28}.Release|iPhoneSimulator.Deploy.0 = Release|Any CPU
		{BD66ABEC-52AA-423A-95CF-5709B4C64B28}.Release|x64.ActiveCfg = Release|Any CPU
		{BD66ABEC-52AA-423A-95CF-5709B4C64B28}.Release|x64.Build.0 = Release|Any CPU
		{BD66ABEC-52AA-423A-95CF-5709B4C64B28}.Release|x64.Deploy.0 = Release|Any CPU
		{BD66ABEC-52AA-423A-95CF-5709B4C64B28}.Release|x86.ActiveCfg = Release|Any CPU
		{BD66ABEC-52AA-423A-95CF-5709B4C64B28}.Release|x86.Build.0 = Release|Any CPU
		{BD66ABEC-52AA-423A-95CF-5709B4C64B28}.Release|x86.Deploy.0 = Release|Any CPU
		{FD427C45-7EA0-4BCB-9B71-EF7152B577A9}.Debug|Any CPU.ActiveCfg = Debug|x86
		{FD427C45-7EA0-4BCB-9B71-EF7152B577A9}.Debug|ARM.ActiveCfg = Debug|ARM
		{FD427C45-7EA0-4BCB-9B71-EF7152B577A9}.Debug|ARM.Build.0 = Debug|ARM
		{FD427C45-7EA0-4BCB-9B71-EF7152B577A9}.Debug|ARM.Deploy.0 = Debug|ARM
		{FD427C45-7EA0-4BCB-9B71-EF7152B577A9}.Debug|iPhone.ActiveCfg = Debug|x86
		{FD427C45-7EA0-4BCB-9B71-EF7152B577A9}.Debug|iPhoneSimulator.ActiveCfg = Debug|x86
		{FD427C45-7EA0-4BCB-9B71-EF7152B577A9}.Debug|x64.ActiveCfg = Debug|x64
		{FD427C45-7EA0-4BCB-9B71-EF7152B577A9}.Debug|x64.Build.0 = Debug|x64
		{FD427C45-7EA0-4BCB-9B71-EF7152B577A9}.Debug|x64.Deploy.0 = Debug|x64
		{FD427C45-7EA0-4BCB-9B71-EF7152B577A9}.Debug|x86.ActiveCfg = Debug|x86
		{FD427C45-7EA0-4BCB-9B71-EF7152B577A9}.Debug|x86.Build.0 = Debug|x86
		{FD427C45-7EA0-4BCB-9B71-EF7152B577A9}.Debug|x86.Deploy.0 = Debug|x86
		{FD427C45-7EA0-4BCB-9B71-EF7152B577A9}.Release|Any CPU.ActiveCfg = Release|x86
		{FD427C45-7EA0-4BCB-9B71-EF7152B577A9}.Release|ARM.ActiveCfg = Release|ARM
		{FD427C45-7EA0-4BCB-9B71-EF7152B577A9}.Release|ARM.Build.0 = Release|ARM
		{FD427C45-7EA0-4BCB-9B71-EF7152B577A9}.Release|ARM.Deploy.0 = Release|ARM
		{FD427C45-7EA0-4BCB-9B71-EF7152B577A9}.Release|iPhone.ActiveCfg = Release|x86
		{FD427C45-7EA0-4BCB-9B71-EF7152B577A9}.Release|iPhoneSimulator.ActiveCfg = Release|x86
		{FD427C45-7EA0-4BCB-9B71-EF7152B577A9}.Release|x64.ActiveCfg = Release|x64
		{FD427C45-7EA0-4BCB-9B71-EF7152B577A9}.Release|x64.Build.0 = Release|x64
		{FD427C45-7EA0-4BCB-9B71-EF7152B577A9}.Release|x64.Deploy.0 = Release|x64
		{FD427C45-7EA0-4BCB-9B71-EF7152B577A9}.Release|x86.ActiveCfg = Release|x86
		{FD427C45-7EA0-4BCB-9B71-EF7152B577A9}.Release|x86.Build.0 = Release|x86
		{FD427C45-7EA0-4BCB-9B71-EF7152B577A9}.Release|x86.Deploy.0 = Release|x86
		{426457AA-81AE-4E32-8FA2-183FC7C4A8BD}.Debug|Any CPU.ActiveCfg = Debug|Any CPU
		{426457AA-81AE-4E32-8FA2-183FC7C4A8BD}.Debug|Any CPU.Build.0 = Debug|Any CPU
		{426457AA-81AE-4E32-8FA2-183FC7C4A8BD}.Debug|Any CPU.Deploy.0 = Debug|Any CPU
		{426457AA-81AE-4E32-8FA2-183FC7C4A8BD}.Debug|ARM.ActiveCfg = Debug|Any CPU
		{426457AA-81AE-4E32-8FA2-183FC7C4A8BD}.Debug|ARM.Build.0 = Debug|Any CPU
		{426457AA-81AE-4E32-8FA2-183FC7C4A8BD}.Debug|ARM.Deploy.0 = Debug|Any CPU
		{426457AA-81AE-4E32-8FA2-183FC7C4A8BD}.Debug|iPhone.ActiveCfg = Debug|Any CPU
		{426457AA-81AE-4E32-8FA2-183FC7C4A8BD}.Debug|iPhone.Build.0 = Debug|Any CPU
		{426457AA-81AE-4E32-8FA2-183FC7C4A8BD}.Debug|iPhone.Deploy.0 = Debug|Any CPU
		{426457AA-81AE-4E32-8FA2-183FC7C4A8BD}.Debug|iPhoneSimulator.ActiveCfg = Debug|Any CPU
		{426457AA-81AE-4E32-8FA2-183FC7C4A8BD}.Debug|iPhoneSimulator.Build.0 = Debug|Any CPU
		{426457AA-81AE-4E32-8FA2-183FC7C4A8BD}.Debug|iPhoneSimulator.Deploy.0 = Debug|Any CPU
		{426457AA-81AE-4E32-8FA2-183FC7C4A8BD}.Debug|x64.ActiveCfg = Debug|Any CPU
		{426457AA-81AE-4E32-8FA2-183FC7C4A8BD}.Debug|x64.Build.0 = Debug|Any CPU
		{426457AA-81AE-4E32-8FA2-183FC7C4A8BD}.Debug|x64.Deploy.0 = Debug|Any CPU
		{426457AA-81AE-4E32-8FA2-183FC7C4A8BD}.Debug|x86.ActiveCfg = Debug|Any CPU
		{426457AA-81AE-4E32-8FA2-183FC7C4A8BD}.Debug|x86.Build.0 = Debug|Any CPU
		{426457AA-81AE-4E32-8FA2-183FC7C4A8BD}.Debug|x86.Deploy.0 = Debug|Any CPU
		{426457AA-81AE-4E32-8FA2-183FC7C4A8BD}.Release|Any CPU.ActiveCfg = Release|Any CPU
		{426457AA-81AE-4E32-8FA2-183FC7C4A8BD}.Release|Any CPU.Build.0 = Release|Any CPU
		{426457AA-81AE-4E32-8FA2-183FC7C4A8BD}.Release|Any CPU.Deploy.0 = Release|Any CPU
		{426457AA-81AE-4E32-8FA2-183FC7C4A8BD}.Release|ARM.ActiveCfg = Release|Any CPU
		{426457AA-81AE-4E32-8FA2-183FC7C4A8BD}.Release|ARM.Build.0 = Release|Any CPU
		{426457AA-81AE-4E32-8FA2-183FC7C4A8BD}.Release|ARM.Deploy.0 = Release|Any CPU
		{426457AA-81AE-4E32-8FA2-183FC7C4A8BD}.Release|iPhone.ActiveCfg = Release|Any CPU
		{426457AA-81AE-4E32-8FA2-183FC7C4A8BD}.Release|iPhone.Build.0 = Release|Any CPU
		{426457AA-81AE-4E32-8FA2-183FC7C4A8BD}.Release|iPhone.Deploy.0 = Release|Any CPU
		{426457AA-81AE-4E32-8FA2-183FC7C4A8BD}.Release|iPhoneSimulator.ActiveCfg = Release|Any CPU
		{426457AA-81AE-4E32-8FA2-183FC7C4A8BD}.Release|iPhoneSimulator.Build.0 = Release|Any CPU
		{426457AA-81AE-4E32-8FA2-183FC7C4A8BD}.Release|iPhoneSimulator.Deploy.0 = Release|Any CPU
		{426457AA-81AE-4E32-8FA2-183FC7C4A8BD}.Release|x64.ActiveCfg = Release|Any CPU
		{426457AA-81AE-4E32-8FA2-183FC7C4A8BD}.Release|x64.Build.0 = Release|Any CPU
		{426457AA-81AE-4E32-8FA2-183FC7C4A8BD}.Release|x64.Deploy.0 = Release|Any CPU
		{426457AA-81AE-4E32-8FA2-183FC7C4A8BD}.Release|x86.ActiveCfg = Release|Any CPU
		{426457AA-81AE-4E32-8FA2-183FC7C4A8BD}.Release|x86.Build.0 = Release|Any CPU
		{426457AA-81AE-4E32-8FA2-183FC7C4A8BD}.Release|x86.Deploy.0 = Release|Any CPU
		{27CF0B2A-44D8-42B6-9888-80F86395D0DC}.Debug|Any CPU.ActiveCfg = Debug|Any CPU
		{27CF0B2A-44D8-42B6-9888-80F86395D0DC}.Debug|Any CPU.Build.0 = Debug|Any CPU
		{27CF0B2A-44D8-42B6-9888-80F86395D0DC}.Debug|ARM.ActiveCfg = Debug|Any CPU
		{27CF0B2A-44D8-42B6-9888-80F86395D0DC}.Debug|ARM.Build.0 = Debug|Any CPU
		{27CF0B2A-44D8-42B6-9888-80F86395D0DC}.Debug|iPhone.ActiveCfg = Debug|Any CPU
		{27CF0B2A-44D8-42B6-9888-80F86395D0DC}.Debug|iPhone.Build.0 = Debug|Any CPU
		{27CF0B2A-44D8-42B6-9888-80F86395D0DC}.Debug|iPhoneSimulator.ActiveCfg = Debug|Any CPU
		{27CF0B2A-44D8-42B6-9888-80F86395D0DC}.Debug|iPhoneSimulator.Build.0 = Debug|Any CPU
		{27CF0B2A-44D8-42B6-9888-80F86395D0DC}.Debug|x64.ActiveCfg = Debug|Any CPU
		{27CF0B2A-44D8-42B6-9888-80F86395D0DC}.Debug|x64.Build.0 = Debug|Any CPU
		{27CF0B2A-44D8-42B6-9888-80F86395D0DC}.Debug|x86.ActiveCfg = Debug|Any CPU
		{27CF0B2A-44D8-42B6-9888-80F86395D0DC}.Debug|x86.Build.0 = Debug|Any CPU
		{27CF0B2A-44D8-42B6-9888-80F86395D0DC}.Release|Any CPU.ActiveCfg = Release|Any CPU
		{27CF0B2A-44D8-42B6-9888-80F86395D0DC}.Release|Any CPU.Build.0 = Release|Any CPU
		{27CF0B2A-44D8-42B6-9888-80F86395D0DC}.Release|ARM.ActiveCfg = Release|Any CPU
		{27CF0B2A-44D8-42B6-9888-80F86395D0DC}.Release|ARM.Build.0 = Release|Any CPU
		{27CF0B2A-44D8-42B6-9888-80F86395D0DC}.Release|iPhone.ActiveCfg = Release|Any CPU
		{27CF0B2A-44D8-42B6-9888-80F86395D0DC}.Release|iPhone.Build.0 = Release|Any CPU
		{27CF0B2A-44D8-42B6-9888-80F86395D0DC}.Release|iPhoneSimulator.ActiveCfg = Release|Any CPU
		{27CF0B2A-44D8-42B6-9888-80F86395D0DC}.Release|iPhoneSimulator.Build.0 = Release|Any CPU
		{27CF0B2A-44D8-42B6-9888-80F86395D0DC}.Release|x64.ActiveCfg = Release|Any CPU
		{27CF0B2A-44D8-42B6-9888-80F86395D0DC}.Release|x64.Build.0 = Release|Any CPU
		{27CF0B2A-44D8-42B6-9888-80F86395D0DC}.Release|x86.ActiveCfg = Release|Any CPU
		{27CF0B2A-44D8-42B6-9888-80F86395D0DC}.Release|x86.Build.0 = Release|Any CPU
	EndGlobalSection
	GlobalSection(SolutionProperties) = preSolution
		HideSolutionNode = FALSE
	EndGlobalSection
	GlobalSection(ExtensibilityGlobals) = postSolution
		SolutionGuid = {16FA4BBC-B139-4969-9195-E1D4C6A56F86}
	EndGlobalSection
EndGlobal
